
Microsoft Visual Studio Solution File, Format Version 12.00
# Visual Studio Version 17
VisualStudioVersion = 17.2.32630.192
MinimumVisualStudioVersion = 10.0.40219.1
Project("{FAE04EC0-301F-11D3-BF4B-00C04F79EFBC}") = "proje_secim-istatistik_my", "proje_secim-istatistik_my\proje_secim-istatistik_my.csproj", "{C0E7FB84-8C2D-426D-BBF8-3CF93369058C}"
EndProject
Global
	GlobalSection(SolutionConfigurationPlatforms) = preSolution
		Debug|Any CPU = Debug|Any CPU
		Release|Any CPU = Release|Any CPU
	EndGlobalSection
	GlobalSection(ProjectConfigurationPlatforms) = postSolution
		{C0E7FB84-8C2D-426D-BBF8-3CF93369058C}.Debug|Any CPU.ActiveCfg = Debug|Any CPU
		{C0E7FB84-8C2D-426D-BBF8-3CF93369058C}.Debug|Any CPU.Build.0 = Debug|Any CPU
		{C0E7FB84-8C2D-426D-BBF8-3CF93369058C}.Release|Any CPU.ActiveCfg = Release|Any CPU
		{C0E7FB84-8C2D-426D-BBF8-3CF93369058C}.Release|Any CPU.Build.0 = Release|Any CPU
	EndGlobalSection
	GlobalSection(SolutionProperties) = preSolution
		HideSolutionNode = FALSE
	EndGlobalSection
	GlobalSection(ExtensibilityGlobals) = postSolution
		SolutionGuid = {B3C19B60-C9A5-4E16-B194-4F0AC10314C4}
	EndGlobalSection
EndGlobal
